PODS:
  - Nimble (7.3.1)
  - Quick (1.2.0)
  - Sketch (2.0)

DEPENDENCIES:
  - Nimble (~> 7.3.1)
  - Quick (~> 1.2.0)
  - Sketch (from `../`)

SPEC REPOS:
  https://github.com/cocoapods/specs.git:
    - Nimble
    - Quick

EXTERNAL SOURCES:
  Sketch:
    :path: "../"

SPEC CHECKSUMS:
  Nimble: 04f732da099ea4d153122aec8c2a88fd0c7219ae
  Quick: 58d203b1c5e27fff7229c4c1ae445ad7069a7a08
  Sketch: a932f66d6976e1343e8d6b8501f956072498c10c

PODFILE CHECKSUM: 3f42c7ca97d29e4b7664bd4cda50c583fcfd7313

COCOAPODS: 1.5.2
